
Microsoft Visual Studio Solution File, Format Version 12.00
# Visual Studio Version 17
VisualStudioVersion = 17.10.34707.107
MinimumVisualStudioVersion = 10.0.40219.1
Project("{FAE04EC0-301F-11D3-BF4B-00C04F79EFBC}") = "BlazorWasm.CosmosPersona", "BlazorWasm.CosmosPersona\BlazorWasm.CosmosPersona.csproj", "{9928D1F4-4662-4057-B669-6ADB1E204B95}"
EndProject
Global
	GlobalSection(SolutionConfigurationPlatforms) = preSolution
		Debug|Any CPU = Debug|Any CPU
		Release|Any CPU = Release|Any CPU
	EndGlobalSection
	GlobalSection(ProjectConfigurationPlatforms) = postSolution
		{9928D1F4-4662-4057-B669-6ADB1E204B95}.Debug|Any CPU.ActiveCfg = Debug|Any CPU
		{9928D1F4-4662-4057-B669-6ADB1E204B95}.Debug|Any CPU.Build.0 = Debug|Any CPU
		{9928D1F4-4662-4057-B669-6ADB1E204B95}.Release|Any CPU.ActiveCfg = Release|Any CPU
		{9928D1F4-4662-4057-B669-6ADB1E204B95}.Release|Any CPU.Build.0 = Release|Any CPU
	EndGlobalSection
	GlobalSection(SolutionProperties) = preSolution
		HideSolutionNode = FALSE
	EndGlobalSection
	GlobalSection(ExtensibilityGlobals) = postSolution
		SolutionGuid = {42E38694-EC9D-4BC7-BB85-A7CF14964BB2}
	EndGlobalSection
EndGlobal
